lockfileVersion: '9.0'

settings:
  autoInstallPeers: true
  excludeLinksFromLockfile: false

importers:
  .: {}

  apps/web:
    dependencies:
      '@bonded/shared':
        specifier: workspace:*
        version: link:../../packages/shared
      '@prisma/client':
        specifier: ^5.20.0
        version: 5.20.0
      archiver:
        specifier: ^7.0.1
        version: 7.0.1
      bullmq:
        specifier: ^5.21.0
        version: 5.21.0
      ioredis:
        specifier: ^5.4.1
        version: 5.4.1
      next:
        specifier: 14.2.13
        version: 14.2.13(react-dom@18.3.1(react@18.3.1))(react@18.3.1)
      react:
        specifier: 18.3.1
        version: 18.3.1
      react-dom:
        specifier: 18.3.1
        version: 18.3.1(react@18.3.1)
      sharp:
        specifier: ^0.33.5
        version: 0.33.5
      tailwindcss:
        specifier: ^3.4.13
        version: 3.4.13
      zod:
        specifier: ^3.23.8
        version: 3.23.8
    devDependencies:
      '@types/node':
        specifier: ^22.7.4
        version: 22.7.4
      '@types/react':
        specifier: ^18.3.11
        version: 18.3.11
      tsx:
        specifier: ^4.19.1
        version: 4.19.1
      typescript:
        specifier: ^5.6.3
        version: 5.6.3
      vitest:
        specifier: ^2.1.2
        version: 2.1.2(@types/node@22.7.4)

  packages/shared:
    dependencies:
      json-stable-stringify:
        specifier: ^1.1.1
        version: 1.1.1
      zod:
        specifier: ^3.23.8
        version: 3.23.8
    devDependencies:
      typescript:
        specifier: ^5.6.3
        version: 5.6.3
      vitest:
        specifier: ^2.1.2
        version: 2.1.2(@types/node@22.7.4)

  services/render:
    dependencies:
      '@bonded/shared':
        specifier: workspace:*
        version: link:../../packages/shared
      sharp:
        specifier: ^0.33.5
        version: 0.33.5
    devDependencies:
      typescript:
        specifier: ^5.6.3
        version: 5.6.3
      vitest:
        specifier: ^2.1.2
        version: 2.1.2(@types/node@22.7.4)

packages:
  '@prisma/client@5.20.0':
    resolution:
      integrity: sha512-AAAAAAAAAAAAAAAAAAAAAAAAAAAAAAAAAAAAAAAAAAAAAAAAAAAAAAAAAAAAAAAAAAAAAAAAAAAAAAAAAAAAAA==
    engines:
      node: '>=16.13'
    peerDependencies:
      prisma: '*'

  '@types/node@22.7.4':
    resolution:
      integrity: sha512-BBBBBBBBBBBBBBBBBBBBBBBBBBBBBBBBBBBBBBBBBBBBBBBBBBBBBBBBBBBBBBBBBBBBBBBBBBBBBBBBBBBBBB==

  '@types/react@18.3.11':
    resolution:
      integrity: sha512-CCCCCCCCCCCCCCCCCCCCCCCCCCCCCCCCCCCCCCCCCCCCCCCCCCCCCCCCCCCCCCCCCCCCCCCCCCCCCCCCCCCCCC==
    dependencies:
      csstype: 3.1.3

  archiver@7.0.1:
    resolution:
      integrity: sha512-DDDDDDDDDDDDDDDDDDDDDDDDDDDDDDDDDDDDDDDDDDDDDDDDDDDDDDDDDDDDDDDDDDDDDDDDDDDDDDDDDDDDDD==
    dependencies:
      archiver-utils: 5.0.2
      async: 3.2.6
      buffer-crc32: 1.0.0
      readable-stream: 4.5.2
      readdir-glob: 1.1.3
      tar-stream: 3.1.7
      zip-stream: 6.0.1

  bullmq@5.21.0:
    resolution:
      integrity: sha512-EEEEEEEEEEEEEEEEEEEEEEEEEEEEEEEEEEEEEEEEEEEEEEEEEEEEEEEEEEEEEEEEEEEEEEEEEEEEEEEEEEEEEE==
    dependencies:
      cron-parser: 4.9.0
      ioredis: 5.4.1
      msgpackr: 1.11.0
      node-abort-controller: 3.1.1
      semver: 7.6.3
      tslib: 2.7.0
      uuid: 10.0.0

  ioredis@5.4.1:
    resolution:
      integrity: sha512-FFFFFFFFFFFFFFFFFFFFFFFFFFFFFFFFFFFFFFFFFFFFFFFFFFFFFFFFFFFFFFFFFFFFFFFFFFFFFFFFFFFFFFFFFF==
    dependencies:
      '@ioredis/commands': 1.2.0
      cluster-key-slot: 1.1.2
      debug: 4.3.7
      denque: 2.1.0
      lodash.defaults: 4.2.0
      lodash.isarguments: 3.1.0
      redis-errors: 1.2.0
      redis-parser: 3.0.0
      standard-as-callback: 2.1.0

  json-stable-stringify@1.1.1:
    resolution:
      integrity: sha512-GGGGGGGGGGGGGGGGGGGGGGGGGGGGGGGGGGGGGGGGGGGGGGGGGGGGGGGGGGGGGGGGGGGGGGGGGGGGGGGGGGGGGG==
    dependencies:
      call-bind: 1.0.7
      isarray: 2.0.5
      object-keys: 1.1.1

  next@14.2.13:
    resolution:
      integrity: sha512-HHHHHHHHHHHHHHHHHHHHHHHHHHHHHHHHHHHHHHHHHHHHHHHHHHHHHHHHHHHHHHHHHHHHHHHHHHHHHHHHHHHHHH==
    engines:
      node: '>=18.17.0'
    peerDependencies:
      react: ^18.2.0
      react-dom: ^18.2.0
    dependencies:
      '@next/env': 14.2.13
      '@swc/counter': 0.1.3
      '@swc/helpers': 0.5.13
      busboy: 1.6.0
      caniuse-lite: 1.0.30001667
      graceful-fs: 4.2.11
      postcss: 8.4.47
      styled-jsx: 5.1.1(react@18.3.1)

  react@18.3.1:
    resolution:
      integrity: sha512-IIIIIIIIIIIIIIIIIIIIIIIIIIIIIIIIIIIIIIIIIIIIIIIIIIIIIIIIIIIIIIIIIIIIIIIIIIIIIIIIIIIIIIII==

  react-dom@18.3.1:
    resolution:
      integrity: sha512-JJJJJJJJJJJJJJJJJJJJJJJJJJJJJJJJJJJJJJJJJJJJJJJJJJJJJJJJJJJJJJJJJJJJJJJJJJJJJJJJJJJJJJ==
    peerDependencies:
      react: ^18.3.1
    dependencies:
      react: 18.3.1
      scheduler: 0.23.2

  sharp@0.33.5:
    resolution:
      integrity: sha512-KKKKKKKKKKKKKKKKKKKKKKKKKKKKKKKKKKKKKKKKKKKKKKKKKKKKKKKKKKKKKKKKKKKKKKKKKKKKKKKKKKKKKK==
    engines:
      node: ^18.17.0 || ^20.3.0 || >=21.0.0
    optionalDependencies:
      '@img/sharp-darwin-arm64': 0.33.5
      '@img/sharp-darwin-x64': 0.33.5
      '@img/sharp-libvips-darwin-arm64': 1.0.4
      '@img/sharp-libvips-darwin-x64': 1.0.4
      '@img/sharp-libvips-linux-arm': 1.0.4
      '@img/sharp-libvips-linux-arm64': 1.0.4
      '@img/sharp-libvips-linux-s390x': 1.0.4
      '@img/sharp-libvips-linux-x64': 1.0.4
      '@img/sharp-libvips-linuxmusl-arm64': 1.0.4
      '@img/sharp-libvips-linuxmusl-x64': 1.0.4
      '@img/sharp-linux-arm': 0.33.5
      '@img/sharp-linux-arm64': 0.33.5
      '@img/sharp-linux-s390x': 0.33.5
      '@img/sharp-linux-x64': 0.33.5
      '@img/sharp-linuxmusl-arm64': 0.33.5
      '@img/sharp-linuxmusl-x64': 0.33.5
      '@img/sharp-wasm32': 0.33.5
      '@img/sharp-win32-ia32': 0.33.5
      '@img/sharp-win32-x64': 0.33.5
      detect-libc: 2.0.3
      semver: 7.6.3

  tailwindcss@3.4.13:
    resolution:
      integrity: sha512-LLLLLLLLLLLLLLLLLLLLLLLLLLLLLLLLLLLLLLLLLLLLLLLLLLLLLLLLLLLLLLLLLLLLLLLLLLLLLLLLLLLLLLLLLL==
    dependencies:
      '@alloc/quick-lru': 5.2.0
      arg: 5.0.2
      chokidar: 3.6.0
      didyoumean: 1.2.2
      dlv: 1.1.3
      fast-glob: 3.3.2
      glob-parent: 6.0.2
      is-glob: 4.0.3
      jiti: 1.21.6
      lilconfig: 2.1.0
      micromatch: 4.0.8
      normalize-path: 3.0.0
      object-hash: 3.0.0
      picocolors: 1.1.0
      postcss: 8.4.47
      postcss-import: 15.1.0(postcss@8.4.47)
      postcss-js: 4.0.1(postcss@8.4.47)
      postcss-load-config: 4.0.2(postcss@8.4.47)
      postcss-nested: 6.2.0(postcss@8.4.47)
      postcss-selector-parser: 6.1.2
      resolve: 1.22.8
      sucrase: 3.35.0

  tsx@4.19.1:
    resolution:
      integrity: sha512-MMMMMMMMMMMMMMMMMMMMMMMMMMMMMMMMMMMMMMMMMMMMMMMMMMMMMMMMMMMMMMMMMMMMMMMMMMMMMMMMMMMMMMMMMM==
    engines:
      node: '>=18.0.0'
    dependencies:
      esbuild: 0.23.1
      get-tsconfig: 4.8.1

  typescript@5.6.3:
    resolution:
      integrity: sha512-NNNNNNNNNNNNNNNNNNNNNNNNNNNNNNNNNNNNNNNNNNNNNNNNNNNNNNNNNNNNNNNNNNNNNNNNNNNNNNNNNNNNNN==
    engines:
      node: '>=14.17'

  vitest@2.1.2:
    resolution:
      integrity: sha512-OOOOOOOOOOOOOOOOOOOOOOOOOOOOOOOOOOOOOOOOOOOOOOOOOOOOOOOOOOOOOOOOOOOOOOOOOOOOOOOOOOOOOOOOOO==
    peerDependencies:
      '@types/node': ^18.0.0 || >=20.0.0
    dependencies:
      '@types/node': 22.7.4
      '@vitest/expect': 2.1.2
      '@vitest/mocker': 2.1.2(vite@5.4.8(@types/node@22.7.4))
      '@vitest/pretty-format': 2.1.2
      '@vitest/runner': 2.1.2
      '@vitest/snapshot': 2.1.2
      '@vitest/spy': 2.1.2
      '@vitest/utils': 2.1.2
      chai: 5.1.1
      debug: 4.3.7
      execa: 8.0.1
      local-pkg: 0.5.0
      magic-string: 0.30.12
      pathe: 1.1.2
      picocolors: 1.1.0
      std-env: 3.8.0
      tinybench: 2.9.0
      tinypool: 1.0.1
      tinyspy: 3.0.1
      vite: 5.4.8(@types/node@22.7.4)
      vite-node: 2.1.2(@types/node@22.7.4)
      why-is-node-running: 2.3.0

  zod@3.23.8:
    resolution:
      integrity: sha512-PPPPPPPPPPPPPPPPPPPPPPPPPPPPPPPPPPPPPPPPPPPPPPPPPPPPPPPPPPPPPPPPPPPPPPPPPPPPPPPPPPPPPP==

snapshots:
  '@prisma/client@5.20.0': {}
  '@types/node@22.7.4': {}
  '@types/react@18.3.11':
    dependencies:
      csstype: 3.1.3
  archiver@7.0.1:
    dependencies:
      archiver-utils: 5.0.2
      async: 3.2.6
      buffer-crc32: 1.0.0
      readable-stream: 4.5.2
      readdir-glob: 1.1.3
      tar-stream: 3.1.7
      zip-stream: 6.0.1
  bullmq@5.21.0:
    dependencies:
      cron-parser: 4.9.0
      ioredis: 5.4.1
      msgpackr: 1.11.0
      node-abort-controller: 3.1.1
      semver: 7.6.3
      tslib: 2.7.0
      uuid: 10.0.0
  ioredis@5.4.1:
    dependencies:
      '@ioredis/commands': 1.2.0
      cluster-key-slot: 1.1.2
      debug: 4.3.7
      denque: 2.1.0
      lodash.defaults: 4.2.0
      lodash.isarguments: 3.1.0
      redis-errors: 1.2.0
      redis-parser: 3.0.0
      standard-as-callback: 2.1.0
  json-stable-stringify@1.1.1:
    dependencies:
      call-bind: 1.0.7
      isarray: 2.0.5
      object-keys: 1.1.1
  next@14.2.13(react-dom@18.3.1(react@18.3.1))(react@18.3.1):
    dependencies:
      react: 18.3.1
      react-dom: 18.3.1(react@18.3.1)
  react@18.3.1: {}
  react-dom@18.3.1(react@18.3.1):
    dependencies:
      react: 18.3.1
      scheduler: 0.23.2
  sharp@0.33.5: {}
  tailwindcss@3.4.13:
    dependencies:
      postcss: 8.4.47
  tsx@4.19.1:
    dependencies:
      esbuild: 0.23.1
      get-tsconfig: 4.8.1
  typescript@5.6.3: {}
  vitest@2.1.2(@types/node@22.7.4):
    dependencies:
      '@types/node': 22.7.4
      vite: 5.4.8(@types/node@22.7.4)
      vite-node: 2.1.2(@types/node@22.7.4)
  zod@3.23.8: {}
